
Microsoft Visual Studio Solution File, Format Version 12.00
# Visual Studio 15
VisualStudioVersion = 15.0.27428.2043
MinimumVisualStudioVersion = 10.0.40219.1
Project("{FAE04EC0-301F-11D3-BF4B-00C04F79EFBC}") = "RomanNumerals", "RomanNumerals\RomanNumerals.csproj", "{FFAFFF8C-3FC4-4E5A-9B34-195E2C50790A}"
EndProject
Project("{FAE04EC0-301F-11D3-BF4B-00C04F79EFBC}") = "RomanNumerals.Tests", "RomanNumerals.Tests\RomanNumerals.Tests.csproj", "{742EB7D3-01BB-4004-AB38-E780A7C4C8AD}"
EndProject
Global
	GlobalSection(SolutionConfigurationPlatforms) = preSolution
		Debug|Any CPU = Debug|Any CPU
		Release|Any CPU = Release|Any CPU
	EndGlobalSection
	GlobalSection(ProjectConfigurationPlatforms) = postSolution
		{FFAFFF8C-3FC4-4E5A-9B34-195E2C50790A}.Debug|Any CPU.ActiveCfg = Debug|Any CPU
		{FFAFFF8C-3FC4-4E5A-9B34-195E2C50790A}.Debug|Any CPU.Build.0 = Debug|Any CPU
		{FFAFFF8C-3FC4-4E5A-9B34-195E2C50790A}.Release|Any CPU.ActiveCfg = Release|Any CPU
		{FFAFFF8C-3FC4-4E5A-9B34-195E2C50790A}.Release|Any CPU.Build.0 = Release|Any CPU
		{742EB7D3-01BB-4004-AB38-E780A7C4C8AD}.Debug|Any CPU.ActiveCfg = Debug|Any CPU
		{742EB7D3-01BB-4004-AB38-E780A7C4C8AD}.Debug|Any CPU.Build.0 = Debug|Any CPU
		{742EB7D3-01BB-4004-AB38-E780A7C4C8AD}.Release|Any CPU.ActiveCfg = Release|Any CPU
		{742EB7D3-01BB-4004-AB38-E780A7C4C8AD}.Release|Any CPU.Build.0 = Release|Any CPU
	EndGlobalSection
	GlobalSection(SolutionProperties) = preSolution
		HideSolutionNode = FALSE
	EndGlobalSection
	GlobalSection(ExtensibilityGlobals) = postSolution
		SolutionGuid = {260D30E2-C63C-4026-BCC9-5D0ABC8A6E57}
	EndGlobalSection
EndGlobal
